#MicroXplorer Configuration settings - do not modify
PC13.GPIOParameters=GPIO_Speed,PinState,GPIO_Label
PC13.GPIO_Label=LED
PC13.GPIO_Speed=GPIO_SPEED_FREQ_HIGH
PC13.Locked=1
PC13.Pin_Label=LED
PC13.PinSymbol=LED
PC13.Signal=GPIO_Output
PA13.Mode=SerialWire
PA13.Signal=SYS_JTMS-SWDIO
PA14.Mode=SerialWire
PA14.Signal=SYS_JTCK-SWCLK
VP_SYS_SWD.Mode=SerialWire
VP_SYS_SWD.Signal=SYS_SWD
board=custom
isba649898f5f3c5e8dffc0004fc5e569.mcuname=STM32F103C(8-B)Tx
isba649898f5f3c5e8dffc0004fc5e569.physicalname=STM32F103C8Tx
isba649898f5f3c5e8dffc0004fc5e569.pin=48
isba649898f5f3c5e8dffc0004fc5e569.package=LQFP48
Mcu.Family=STM32F1
Mcu.IP0=NVIC
Mcu.IP1=RCC
Mcu.IP2=SYS
Mcu.IPNb=3
Mcu.Name=STM32F103C(8-B)Tx
Mcu.Package=LQFP48
Mcu.Pin0=PC13
Mcu.Pin1=PA13
Mcu.Pin2=PA14
Mcu.Pins=PC13,PA13,PA14
Mcu.ThirdPartyNb=0
Mcu.UserConstants=
Mcu.Voltage=3.3
Mcu.CubeMX=6.14.0
Mcu.Stm32CubeAsfwVersion=1.17.0
ProjectManager.BuildScheme.BuildAssembly=false
ProjectManager.BuildScheme.PreviousToolChain=
ProjectManager.BuildScheme.RemoveFalse=true
ProjectManager.CompilerOptimize=6
ProjectManager.ComputerToolchain=false
ProjectManager.CoupleFile=true
ProjectManager.CustomerFirmwarePackage=
ProjectManager.DefaultFWLocation=true
ProjectManager.DeletePreviousGen=false
ProjectManager.DeviceId=STM32F103C8Tx
ProjectManager.FirmwarePackage=STM32Cube FW_F1 V1.8.6
ProjectManager.FreePins=false
ProjectManager.HalAssertFull=false
ProjectManager.HeapSizeFromSettings=true
ProjectManager.KeepUserCode=true
ProjectManager.LastFirmware=true
ProjectManager.LastFirmware1=STM32Cube FW_F1 V1.8.6
ProjectManager.LibraryCopy=1
ProjectManager.MainLocation=Core/Src
ProjectManager.NoMain=false
ProjectManager.PreviousToolChain=
ProjectManager.ProjectFileName=wangyumeng_layered_arch.ioc
ProjectManager.ProjectName=wangyumeng_layered_arch
ProjectManager.RegisterCallBack=
ProjectManager.StackSizeFromSettings=true
ProjectManager.TargetToolchain=STM32CubeIDE
ProjectManager.ToolChainId=com.st.stm32cube.ide.mcu.GNUToolsForSTM32
